{
    "requires": true,
    "lockfileVersion": 1,
    "dependencies": {
        "datatables.net": {
            "version": "1.10.19",
            "resolved": "https://registry.npmjs.org/datatables.net/-/datatables.net-1.10.19.tgz",
            "integrity": "sha512-+ljXcI6Pj3PTGy5pesp3E5Dr3x3AV45EZe0o1r0gKENN2gafBKXodVnk2ypKwl2tTmivjxbkiqoWnipTefyBTA==",
            "requires": {
                "jquery": ">=1.7"
            }
        },
        "datatables.net-autofill": {
            "version": "2.3.3",
            "resolved": "https://registry.npmjs.org/datatables.net-autofill/-/datatables.net-autofill-2.3.3.tgz",
            "integrity": "sha512-yJXvs0JLPZOa2L44QQT8gX+RitiK6Q+Z5E1Epjx0FwOIc+Ala8gl6cutUNEDvx/ItgoDbPAKLyxdJrzM0GZtVA==",
            "requires": {
                "datatables.net": "^1.10.15",
                "jquery": ">=1.7"
            }
        },
        "datatables.net-autofill-dt": {
            "version": "2.3.3",
            "resolved": "https://registry.npmjs.org/datatables.net-autofill-dt/-/datatables.net-autofill-dt-2.3.3.tgz",
            "integrity": "sha512-DXpqPx10WOQlUHzGf/WCZuZN07RDTSQxIHrCrAWFwgBONI3lp709ksqy0wNyabZsx2xhjZSaNty1bwYaLLtD0A==",
            "requires": {
                "datatables.net-autofill": "2.3.3",
                "datatables.net-dt": "^1.10.15",
                "jquery": ">=1.7"
            }
        },
        "datatables.net-buttons": {
            "version": "1.5.6",
            "resolved": "https://registry.npmjs.org/datatables.net-buttons/-/datatables.net-buttons-1.5.6.tgz",
            "integrity": "sha512-FlJtjQ8dsr6xeHWETUCtUJEa7ZqKlphFb22+LXZs80LmJqpVbW84BkppwSoKK+F4k8eRr1tYr38dxcCvIIy0rw==",
            "requires": {
                "datatables.net": "^1.10.15",
                "jquery": ">=1.7"
            }
        },
        "datatables.net-buttons-dt": {
            "version": "1.5.6",
            "resolved": "https://registry.npmjs.org/datatables.net-buttons-dt/-/datatables.net-buttons-dt-1.5.6.tgz",
            "integrity": "sha512-+5D6x6fbVIibQOKMrKaC84l2fwsEGuIaakDph1Nr3xVRtglahjptltwJHYee4uaLKlsMa4ZirHGpUk+aL8joYQ==",
            "requires": {
                "datatables.net-buttons": "1.5.6",
                "datatables.net-dt": "^1.10.15",
                "jquery": ">=1.7"
            }
        },
        "datatables.net-colreorder": {
            "version": "1.5.1",
            "resolved": "https://registry.npmjs.org/datatables.net-colreorder/-/datatables.net-colreorder-1.5.1.tgz",
            "integrity": "sha512-nKV0ZBOdOG+CCrtDZZlTOvhu9NC53pr4rYR8Xhd3KIKipLZohWWdBoOFGMu+VKDvllg2Xj79oS/wicYSiNyteA==",
            "requires": {
                "datatables.net": "^1.10.15",
                "jquery": ">=1.7"
            }
        },
        "datatables.net-colreorder-dt": {
            "version": "1.5.1",
            "resolved": "https://registry.npmjs.org/datatables.net-colreorder-dt/-/datatables.net-colreorder-dt-1.5.1.tgz",
            "integrity": "sha512-V8WXOBZbaNCYz7TApHkox746RX96JMPykfn3I2M2v605BrfyqiGet2bTxrdHieLVea1uyAyqyc00Od/dZ67HjQ==",
            "requires": {
                "datatables.net-colreorder": "1.5.1",
                "datatables.net-dt": "^1.10.15",
                "jquery": ">=1.7"
            }
        },
        "datatables.net-dt": {
            "version": "1.10.19",
            "resolved": "https://registry.npmjs.org/datatables.net-dt/-/datatables.net-dt-1.10.19.tgz",
            "integrity": "sha512-joFHYjLYvr9VnC9Fx3e+8jtXnQ/fP/mPFWt9p0NhZ3Zm5N0jlYyWhJQbnLkihOLuDcDFMaGdBQSvmIdTVdgGyw==",
            "requires": {
                "datatables.net": "1.10.19",
                "jquery": ">=1.7"
            }
        },
        "datatables.net-fixedcolumns": {
            "version": "3.2.6",
            "resolved": "https://registry.npmjs.org/datatables.net-fixedcolumns/-/datatables.net-fixedcolumns-3.2.6.tgz",
            "integrity": "sha512-PtEs2tllcHRVZj7fwmAQBWGJ5URRQZpDG2pJsh5jusvnRje3w1+KueMZm60iCtfOkIlUn+/j2+MghxLx/8yfKQ==",
            "requires": {
                "datatables.net": "^1.10.15",
                "jquery": ">=1.7"
            }
        },
        "datatables.net-fixedcolumns-dt": {
            "version": "3.2.6",
            "resolved": "https://registry.npmjs.org/datatables.net-fixedcolumns-dt/-/datatables.net-fixedcolumns-dt-3.2.6.tgz",
            "integrity": "sha512-nptzhSeFSLSDMlnqTwuBT11htbOHa7mKUIjRP8+znIlNIifr0T6GEibr0TwaCcYegY7sLL00RDM+F7P+KC5gOA==",
            "requires": {
                "datatables.net-dt": "^1.10.15",
                "datatables.net-fixedcolumns": "3.2.6",
                "jquery": ">=1.7"
            }
        },
        "datatables.net-fixedheader": {
            "version": "3.1.5",
            "resolved": "https://registry.npmjs.org/datatables.net-fixedheader/-/datatables.net-fixedheader-3.1.5.tgz",
            "integrity": "sha512-k5Hdj9uDe9iodr/F5Upq7D3rkO6Cw6XpnPRlfk38B0Imb+Fqe7aB3Jn88A4D79Rbla3sqO3ifQOwWoO9qlHetA==",
            "requires": {
                "datatables.net": "^1.10.15",
                "jquery": ">=1.7"
            }
        },
        "datatables.net-fixedheader-dt": {
            "version": "3.1.5",
            "resolved": "https://registry.npmjs.org/datatables.net-fixedheader-dt/-/datatables.net-fixedheader-dt-3.1.5.tgz",
            "integrity": "sha512-kePF0ejpRJjVyh6HgBrv0OHEO+RkcaebvVOSExH6+Qz0j48wDNqB9LHr8dPv1BEAv1k3YiKp1DheBqsX2jIBCA==",
            "requires": {
                "datatables.net-dt": "^1.10.15",
                "datatables.net-fixedheader": "3.1.5",
                "jquery": ">=1.7"
            }
        },
        "datatables.net-keytable": {
            "version": "2.5.0",
            "resolved": "https://registry.npmjs.org/datatables.net-keytable/-/datatables.net-keytable-2.5.0.tgz",
            "integrity": "sha512-1h9SpTAR0OU2UXv5NNruLPU2Pk/v0HZd20yc9RAofjkfGHsIIf6vFw8G2We7bY5jn7AbFIE9jNV2rnYDWeTbDg==",
            "requires": {
                "datatables.net": "^1.10.15",
                "jquery": ">=1.7"
            }
        },
        "datatables.net-keytable-dt": {
            "version": "2.5.0",
            "resolved": "https://registry.npmjs.org/datatables.net-keytable-dt/-/datatables.net-keytable-dt-2.5.0.tgz",
            "integrity": "sha512-9kJp8uY8Ie39vXIYmGdxzjQDY34uYvTsb3BdKfo9FN0ElJiJk+0F8Mje7+kw28E11g9n/bOXnJrAyBo6gXLzTA==",
            "requires": {
                "datatables.net-dt": "^1.10.15",
                "datatables.net-keytable": "2.5.0",
                "jquery": ">=1.7"
            }
        },
        "datatables.net-responsive": {
            "version": "2.2.3",
            "resolved": "https://registry.npmjs.org/datatables.net-responsive/-/datatables.net-responsive-2.2.3.tgz",
            "integrity": "sha512-8D6VtZcyuH3FG0Hn5A4LPZQEOX3+HrRFM7HjpmsQc/nQDBbdeBLkJX4Sh/o1nzFTSneuT1Wh/lYZHVPpjcN+Sw==",
            "requires": {
                "datatables.net": "^1.10.15",
                "jquery": ">=1.7"
            }
        },
        "datatables.net-responsive-dt": {
            "version": "2.2.3",
            "resolved": "https://registry.npmjs.org/datatables.net-responsive-dt/-/datatables.net-responsive-dt-2.2.3.tgz",
            "integrity": "sha512-NGxuii+3sWGG150AWmQ5NYCrTaFKUHo6GeizBR8o2Uuy68PnuNrSO27hyLvOYNLHQ9kALT66f/gTaBc2TdznFA==",
            "requires": {
                "datatables.net-dt": "^1.10.15",
                "datatables.net-responsive": "2.2.3",
                "jquery": ">=1.7"
            }
        },
        "datatables.net-rowgroup": {
            "version": "1.1.0",
            "resolved": "https://registry.npmjs.org/datatables.net-rowgroup/-/datatables.net-rowgroup-1.1.0.tgz",
            "integrity": "sha512-OPIiiMTbIoh1hSnJ9lx3avqKpYtEPux5iA6jpWKRdyKbdYU8UQbi5ht3b096frYQplIuAQnQcwqpGmvrf77l6g==",
            "requires": {
                "datatables.net": "^1.10.15",
                "jquery": ">=1.7"
            }
        },
        "datatables.net-rowgroup-dt": {
            "version": "1.1.0",
            "resolved": "https://registry.npmjs.org/datatables.net-rowgroup-dt/-/datatables.net-rowgroup-dt-1.1.0.tgz",
            "integrity": "sha512-c1aRD7qB2UhsLAdaBb6ntEtDazCYGrMn9pOYheRoLuDUphmT9y5llwhNQtkO8CIzDEcH8baIa7HwefIfZawc3g==",
            "requires": {
                "datatables.net-dt": "^1.10.15",
                "datatables.net-rowgroup": "1.1.0",
                "jquery": ">=1.7"
            }
        },
        "datatables.net-rowreorder": {
            "version": "1.2.5",
            "resolved": "https://registry.npmjs.org/datatables.net-rowreorder/-/datatables.net-rowreorder-1.2.5.tgz",
            "integrity": "sha512-FHFnEkOpbMk2BJCnRqi4A7lGE3VdiyHEnLRGVEieYH/7ohmJxgrhxHdWratXK4IMs8OvKw51epFeaAaMmXNlZQ==",
            "requires": {
                "datatables.net": "^1.10.15",
                "jquery": ">=1.7"
            }
        },
        "datatables.net-rowreorder-dt": {
            "version": "1.2.5",
            "resolved": "https://registry.npmjs.org/datatables.net-rowreorder-dt/-/datatables.net-rowreorder-dt-1.2.5.tgz",
            "integrity": "sha512-3auCZqNF55w/OgL3v9KXkpwWG0GJy4NGCtg9MzPk40iQEL5s5QaEOZycppqNJIsIEcjkhzmxDSwFnHHQk2g8Xg==",
            "requires": {
                "datatables.net-dt": "^1.10.15",
                "datatables.net-rowreorder": "1.2.5",
                "jquery": ">=1.7"
            }
        },
        "datatables.net-scroller": {
            "version": "2.0.0",
            "resolved": "https://registry.npmjs.org/datatables.net-scroller/-/datatables.net-scroller-2.0.0.tgz",
            "integrity": "sha512-Xe116srtpE0RS/f9xxUYf7dK4tSFDZmQ7H95AUT9diB7dcvwGJMIPUIVeTlNDEhLvwAFpGZlizkOlBUwy7GsTg==",
            "requires": {
                "datatables.net": "^1.10.15",
                "jquery": ">=1.7"
            }
        },
        "datatables.net-scroller-dt": {
            "version": "2.0.0",
            "resolved": "https://registry.npmjs.org/datatables.net-scroller-dt/-/datatables.net-scroller-dt-2.0.0.tgz",
            "integrity": "sha512-QS3u5T6dVTQUIY607jUPn2j3j5zmB3x++WfBxKo7Qr61EiPlrXflyIE+KL6PCxsHlM5dYQkUSyy4iONPlbP5Kw==",
            "requires": {
                "datatables.net-dt": "^1.10.15",
                "datatables.net-scroller": "2.0.0",
                "jquery": ">=1.7"
            }
        },
        "datatables.net-select": {
            "version": "1.3.0",
            "resolved": "https://registry.npmjs.org/datatables.net-select/-/datatables.net-select-1.3.0.tgz",
            "integrity": "sha512-sj72BM+Sx2n9mTHQjPiGMrGUoAVA1PCGmD+vEuAedhlDX1PAHcnqsOnG37eWrpqIsOQR/ZcSuE8IkU7gmiQkew==",
            "requires": {
                "datatables.net": "^1.10.15",
                "jquery": ">=1.7"
            }
        },
        "datatables.net-select-dt": {
            "version": "1.3.0",
            "resolved": "https://registry.npmjs.org/datatables.net-select-dt/-/datatables.net-select-dt-1.3.0.tgz",
            "integrity": "sha512-VG2ji69XNdgtobODUJpFWiGq4szf4hP6qAiu+N+/LLoKIslMmOl/5Mi/o7pesqK5mtPAh/2rURwA09UIstfuIg==",
            "requires": {
                "datatables.net-dt": "^1.10.15",
                "datatables.net-select": "1.3.0",
                "jquery": ">=1.7"
            }
        },
        "jquery": {
            "version": "3.4.1",
            "resolved": "https://registry.npmjs.org/jquery/-/jquery-3.4.1.tgz",
            "integrity": "sha512-36+AdBzCL+y6qjw5Tx7HgzeGCzC81MDDgaUP8ld2zhx58HdqXGoBd+tHdrBMiyjGQs0Hxs/MLZTu/eHNJJuWPw=="
        }
    }
}
